<?xml version="1.0" encoding="utf-8"?>
<Project ToolsVersion="4.0" xmlns="http://schemas.microsoft.com/developer/msbuild/2003">
  <ItemGroup>
    <Filter Include="Source Files">
      <UniqueIdentifier>{4FC737F1-C7A5-4376-A066-2A32D752A2FF}</UniqueIdentifier>
      <Extensions>
      </Extensions>
    </Filter>
    <Filter Include="Header Files">
      <UniqueIdentifier>{93995380-89BD-4b04-88EB-625FBE52EBFB}</UniqueIdentifier>
      <Extensions>h;hh;hpp;hxx;hm;inl;inc;xsd</Extensions>
    </Filter>
    <Filter Include="Resource Files">
      <UniqueIdentifier>{67DA6AB6-F800-4c08-8B7A-83BB121AAD01}</UniqueIdentifier>
      <Extensions>rc;ico;cur;bmp;dlg;rc2;rct;bin;rgs;gif;jpg;jpeg;jpe;resx;tiff;tif;png;wav;mfcribbon-ms</Extensions>
    </Filter>
    <Filter Include="Common Sources">
      <UniqueIdentifier>{8b577c25-b3ad-4216-923c-848b442e9ecc}</UniqueIdentifier>
      <Extensions>cpp;c;cc;cxx;def;odl;idl;hpj;bat;asm;asmx</Extensions>
    </Filter>
  </ItemGroup>
  <ItemGroup>
    <ClCompile Include="WebInstall.cpp">
      <Filter>Source Files</Filter>
    </ClCompile>
    <ClCompile Include="..\common\CmdArg.cpp">
      <Filter>Common Sources</Filter>
    </ClCompile>
    <ClCompile Include="..\common\CmdLine.cpp">
      <Filter>Common Sources</Filter>
    </ClCompile>
    <ClCompile Include="..\ConEmuC\Downloader.cpp">
      <Filter>Common Sources</Filter>
    </ClCompile>
    <ClCompile Include="..\ConEmu\DpiAware.cpp">
      <Filter>Common Sources</Filter>
    </ClCompile>
    <ClCompile Include="..\common\MAssert.cpp">
      <Filter>Common Sources</Filter>
    </ClCompile>
    <ClCompile Include="..\common\Memory.cpp">
      <Filter>Common Sources</Filter>
    </ClCompile>
    <ClCompile Include="..\common\MFileLog.cpp">
      <Filter>Common Sources</Filter>
    </ClCompile>
    <ClCompile Include="..\common\Monitors.cpp">
      <Filter>Common Sources</Filter>
    </ClCompile>
    <ClCompile Include="..\common\MSectionSimple.cpp">
      <Filter>Common Sources</Filter>
    </ClCompile>
    <ClCompile Include="..\common\MStrSafe.cpp">
      <Filter>Common Sources</Filter>
    </ClCompile>
    <ClCompile Include="..\common\WObjects.cpp">
      <Filter>Common Sources</Filter>
    </ClCompile>
    <ClCompile Include="..\common\WThreads.cpp">
      <Filter>Common Sources</Filter>
    </ClCompile>
    <ClCompile Include="..\common\WUser.cpp">
      <Filter>Common Sources</Filter>
    </ClCompile>
    <ClCompile Include="..\ConEmu\DynDialog.cpp">
      <Filter>Common Sources</Filter>
    </ClCompile>
  </ItemGroup>
  <ItemGroup>
    <ClInclude Include="resource.h">
      <Filter>Header Files</Filter>
    </ClInclude>
    <ClInclude Include="..\common\CmdArg.h">
      <Filter>Header Files</Filter>
    </ClInclude>
    <ClInclude Include="..\common\CmdLine.h">
      <Filter>Header Files</Filter>
    </ClInclude>
    <ClInclude Include="..\common\MAssert.h">
      <Filter>Header Files</Filter>
    </ClInclude>
    <ClInclude Include="..\common\Memory.h">
      <Filter>Header Files</Filter>
    </ClInclude>
    <ClInclude Include="..\common\MFileLog.h">
      <Filter>Header Files</Filter>
    </ClInclude>
    <ClInclude Include="..\common\Monitors.h">
      <Filter>Header Files</Filter>
    </ClInclude>
    <ClInclude Include="..\common\MStrSafe.h">
      <Filter>Header Files</Filter>
    </ClInclude>
    <ClInclude Include="..\common\StartupEnv.h">
      <Filter>Header Files</Filter>
    </ClInclude>
    <ClInclude Include="..\common\StartupEnvDef.h">
      <Filter>Header Files</Filter>
    </ClInclude>
    <ClInclude Include="..\common\StartupEnvEx.h">
      <Filter>Header Files</Filter>
    </ClInclude>
    <ClInclude Include="..\common\WObjects.h">
      <Filter>Header Files</Filter>
    </ClInclude>
    <ClInclude Include="..\common\WThreads.h">
      <Filter>Header Files</Filter>
    </ClInclude>
    <ClInclude Include="..\ConEmu\DpiAware.h">
      <Filter>Header Files</Filter>
    </ClInclude>
    <ClInclude Include="..\ConEmuC\Downloader.h">
      <Filter>Header Files</Filter>
    </ClInclude>
    <ClInclude Include="..\ConEmuC\DownloaderApi.h">
      <Filter>Header Files</Filter>
    </ClInclude>
    <ClInclude Include="..\common\MSectionSimple.h">
      <Filter>Header Files</Filter>
    </ClInclude>
    <ClInclude Include="..\common\WUser.h">
      <Filter>Header Files</Filter>
    </ClInclude>
    <ClInclude Include="..\ConEmu\DynDialog.h">
      <Filter>Header Files</Filter>
    </ClInclude>
  </ItemGroup>
  <ItemGroup>
    <ResourceCompile Include="WebInstall.rc">
      <Filter>Resource Files</Filter>
    </ResourceCompile>
  </ItemGroup>
  <ItemGroup>
    <Image Include="..\ConEmu\ConEmu.ico">
      <Filter>Resource Files</Filter>
    </Image>
  </ItemGroup>
</Project>